
Microsoft Visual Studio Solution File, Format Version 12.00
# Visual Studio Version 17
VisualStudioVersion = 17.14.36518.9 d17.14
MinimumVisualStudioVersion = 10.0.40219.1
Project("{FAE04EC0-301F-11D3-BF4B-00C04F79EFBC}") = "ClipboardSanitizer.Core", "ClipboardSanitizer.Core\ClipboardSanitizer.Core.csproj", "{C88E2C7C-9FE6-4619-8F69-80A3461AC28B}"
EndProject
Project("{FAE04EC0-301F-11D3-BF4B-00C04F79EFBC}") = "ClipboardSanitizer.Wpf", "ClipboardSanitizer.Wpf\ClipboardSanitizer.Wpf.csproj", "{1DAE332A-14A0-4C28-BB16-59F4096634AE}"
EndProject
Project("{FAE04EC0-301F-11D3-BF4B-00C04F79EFBC}") = "ClipboardSanitizer.Demo.Wpf", "ClipboardSanitizer.Demo.Wpf\ClipboardSanitizer.Demo.Wpf.csproj", "{C320847A-9640-4F5A-A295-A99366A1A976}"
EndProject
Global
	GlobalSection(SolutionConfigurationPlatforms) = preSolution
		Debug|Any CPU = Debug|Any CPU
		Release|Any CPU = Release|Any CPU
	EndGlobalSection
	GlobalSection(ProjectConfigurationPlatforms) = postSolution
		{C88E2C7C-9FE6-4619-8F69-80A3461AC28B}.Debug|Any CPU.ActiveCfg = Debug|Any CPU
		{C88E2C7C-9FE6-4619-8F69-80A3461AC28B}.Debug|Any CPU.Build.0 = Debug|Any CPU
		{C88E2C7C-9FE6-4619-8F69-80A3461AC28B}.Release|Any CPU.ActiveCfg = Release|Any CPU
		{C88E2C7C-9FE6-4619-8F69-80A3461AC28B}.Release|Any CPU.Build.0 = Release|Any CPU
		{1DAE332A-14A0-4C28-BB16-59F4096634AE}.Debug|Any CPU.ActiveCfg = Debug|Any CPU
		{1DAE332A-14A0-4C28-BB16-59F4096634AE}.Debug|Any CPU.Build.0 = Debug|Any CPU
		{1DAE332A-14A0-4C28-BB16-59F4096634AE}.Release|Any CPU.ActiveCfg = Release|Any CPU
		{1DAE332A-14A0-4C28-BB16-59F4096634AE}.Release|Any CPU.Build.0 = Release|Any CPU
		{C320847A-9640-4F5A-A295-A99366A1A976}.Debug|Any CPU.ActiveCfg = Debug|Any CPU
		{C320847A-9640-4F5A-A295-A99366A1A976}.Debug|Any CPU.Build.0 = Debug|Any CPU
		{C320847A-9640-4F5A-A295-A99366A1A976}.Release|Any CPU.ActiveCfg = Release|Any CPU
		{C320847A-9640-4F5A-A295-A99366A1A976}.Release|Any CPU.Build.0 = Release|Any CPU
	EndGlobalSection
	GlobalSection(SolutionProperties) = preSolution
		HideSolutionNode = FALSE
	EndGlobalSection
	GlobalSection(ExtensibilityGlobals) = postSolution
		SolutionGuid = {D11D0D4C-91C1-4CC7-BF06-6A3E2CD23527}
	EndGlobalSection
EndGlobal
